
Microsoft Visual Studio Solution File, Format Version 12.00
# Visual Studio Version 16
VisualStudioVersion = 16.0.30309.148
MinimumVisualStudioVersion = 10.0.40219.1
Project("{2150E333-8FDC-42A3-9474-1A3956D46DE8}") = "Clients", "Clients", "{4605CAF4-639C-49AE-BE2A-ED1ECB3AF365}"
EndProject
Project("{2150E333-8FDC-42A3-9474-1A3956D46DE8}") = "Api.Gateways", "Api.Gateways", "{D3C45811-7A85-444F-A3FB-94F3184B9397}"
EndProject
Project("{2150E333-8FDC-42A3-9474-1A3956D46DE8}") = "Services", "Services", "{1A92A4D0-D0B2-4DCB-9556-3E8D34D76432}"
EndProject
Project("{2150E333-8FDC-42A3-9474-1A3956D46DE8}") = "Identity", "Identity", "{74073E2A-CDF2-4947-922D-BBD4A97E6859}"
EndProject
Project("{2150E333-8FDC-42A3-9474-1A3956D46DE8}") = "Catalog", "Catalog", "{E831B8AE-2AAD-4103-A05B-E6D09FD05AC6}"
EndProject
Project("{2150E333-8FDC-42A3-9474-1A3956D46DE8}") = "Customer", "Customer", "{4E15CBAD-3BD2-4677-B783-2643470E8184}"
EndProject
Project("{2150E333-8FDC-42A3-9474-1A3956D46DE8}") = "Order", "Order", "{CD72BB78-FEB9-432E-96A6-D1ABE8206F54}"
EndProject
Project("{9A19103F-16F7-4668-BE54-9A1E7A4F7556}") = "Catalog.Api", "src\Service\Catalog\Catalog.Api\Catalog.Api.csproj", "{EFC4F726-EEDC-442C-9F2B-D0B703C75923}"
EndProject
Project("{2150E333-8FDC-42A3-9474-1A3956D46DE8}") = "Api", "Api", "{362F538B-AD80-417C-B10D-EAFAFB3FB4AF}"
EndProject
Project("{2150E333-8FDC-42A3-9474-1A3956D46DE8}") = "Service", "Service", "{FA5B6C37-424F-45BC-AFE5-E3FAA7EA2083}"
EndProject
Project("{2150E333-8FDC-42A3-9474-1A3956D46DE8}") = "Persistence", "Persistence", "{B273D4F5-39B1-4F30-8054-C1A7EBD7C3A5}"
EndProject
Project("{2150E333-8FDC-42A3-9474-1A3956D46DE8}") = "Model", "Model", "{47DB1EEF-86BE-41D5-83D1-2E8C6DCBDF6A}"
EndProject
Project("{9A19103F-16F7-4668-BE54-9A1E7A4F7556}") = "Catalog.Domian", "src\Service\Catalog\Catalog.Domian\Catalog.Domian.csproj", "{8C1D59C0-8CCA-4484-95CF-10C767116CDF}"
EndProject
Project("{9A19103F-16F7-4668-BE54-9A1E7A4F7556}") = "Catalog.Persistence.Database", "src\Service\Catalog\Catalog.Persistence.Database\Catalog.Persistence.Database.csproj", "{67F63F09-AC89-49E8-9B97-9792C97A3683}"
EndProject
Project("{9A19103F-16F7-4668-BE54-9A1E7A4F7556}") = "Catalog.Service.Queries", "src\Service\Catalog\Catalog.Service.Queries\Catalog.Service.Queries.csproj", "{EFD617CB-D30A-4676-9E63-6A6871F3BE5E}"
EndProject
Project("{2150E333-8FDC-42A3-9474-1A3956D46DE8}") = "Common", "Common", "{8DB4D7D8-960F-4581-A734-A56F38B633AF}"
EndProject
Project("{9A19103F-16F7-4668-BE54-9A1E7A4F7556}") = "Service.Common.Collection", "src\Service\Service.Common.Collection\Service.Common.Collection.csproj", "{C556CADA-42A7-4338-BF79-9A5511EC1D09}"
EndProject
Project("{9A19103F-16F7-4668-BE54-9A1E7A4F7556}") = "Service.Common.Mapping", "src\Service\Service.Common.Mapping\Service.Common.Mapping.csproj", "{73194FF3-BE84-46A9-861D-BDDB7551587F}"
EndProject
Project("{9A19103F-16F7-4668-BE54-9A1E7A4F7556}") = "Service.Common.Paging", "src\Service\Service.Common.Paging\Service.Common.Paging.csproj", "{7DBAC48C-358F-44E8-A470-5C723B7B834A}"
EndProject
Project("{9A19103F-16F7-4668-BE54-9A1E7A4F7556}") = "Catalog.Service.EventHandlers", "src\Service\Catalog\Catalog.Service.EventHandlers\Catalog.Service.EventHandlers.csproj", "{FD503C82-136B-4294-9C7C-321A446EC28C}"
EndProject
Project("{2150E333-8FDC-42A3-9474-1A3956D46DE8}") = "Common", "Common", "{A06C89D7-9DD9-40AF-B522-89CA4CA19AA7}"
EndProject
Project("{9A19103F-16F7-4668-BE54-9A1E7A4F7556}") = "Catalog.Common", "src\Service\Catalog\Catalog.Common\Catalog.Common.csproj", "{C087A9D5-49D1-4FC3-B910-5055CCC74A93}"
EndProject
Project("{2150E333-8FDC-42A3-9474-1A3956D46DE8}") = "Common", "Common", "{7B1E3239-FCCB-4235-8CAF-953EC7FE47F3}"
EndProject
Project("{9A19103F-16F7-4668-BE54-9A1E7A4F7556}") = "Common.Logging", "src\Common.Logging\Common.Logging.csproj", "{A4646D31-0F68-4983-AE2B-A4B5BFF51666}"
EndProject
Project("{2150E333-8FDC-42A3-9474-1A3956D46DE8}") = "Testing", "Testing", "{44113D81-3928-4F86-9C7A-11087A77C8C6}"
EndProject
Project("{FAE04EC0-301F-11D3-BF4B-00C04F79EFBC}") = "Catalog.Test", "src\Service\Catalog\Catalog.Test\Catalog.Test.csproj", "{ECD572D1-9D79-4885-89E8-C5F06C0D8C62}"
EndProject
Global
	GlobalSection(SolutionConfigurationPlatforms) = preSolution
		Debug|Any CPU = Debug|Any CPU
		Release|Any CPU = Release|Any CPU
	EndGlobalSection
	GlobalSection(ProjectConfigurationPlatforms) = postSolution
		{EFC4F726-EEDC-442C-9F2B-D0B703C75923}.Debug|Any CPU.ActiveCfg = Debug|Any CPU
		{EFC4F726-EEDC-442C-9F2B-D0B703C75923}.Debug|Any CPU.Build.0 = Debug|Any CPU
		{EFC4F726-EEDC-442C-9F2B-D0B703C75923}.Release|Any CPU.ActiveCfg = Release|Any CPU
		{EFC4F726-EEDC-442C-9F2B-D0B703C75923}.Release|Any CPU.Build.0 = Release|Any CPU
		{8C1D59C0-8CCA-4484-95CF-10C767116CDF}.Debug|Any CPU.ActiveCfg = Debug|Any CPU
		{8C1D59C0-8CCA-4484-95CF-10C767116CDF}.Debug|Any CPU.Build.0 = Debug|Any CPU
		{8C1D59C0-8CCA-4484-95CF-10C767116CDF}.Release|Any CPU.ActiveCfg = Release|Any CPU
		{8C1D59C0-8CCA-4484-95CF-10C767116CDF}.Release|Any CPU.Build.0 = Release|Any CPU
		{67F63F09-AC89-49E8-9B97-9792C97A3683}.Debug|Any CPU.ActiveCfg = Debug|Any CPU
		{67F63F09-AC89-49E8-9B97-9792C97A3683}.Debug|Any CPU.Build.0 = Debug|Any CPU
		{67F63F09-AC89-49E8-9B97-9792C97A3683}.Release|Any CPU.ActiveCfg = Release|Any CPU
		{67F63F09-AC89-49E8-9B97-9792C97A3683}.Release|Any CPU.Build.0 = Release|Any CPU
		{EFD617CB-D30A-4676-9E63-6A6871F3BE5E}.Debug|Any CPU.ActiveCfg = Debug|Any CPU
		{EFD617CB-D30A-4676-9E63-6A6871F3BE5E}.Debug|Any CPU.Build.0 = Debug|Any CPU
		{EFD617CB-D30A-4676-9E63-6A6871F3BE5E}.Release|Any CPU.ActiveCfg = Release|Any CPU
		{EFD617CB-D30A-4676-9E63-6A6871F3BE5E}.Release|Any CPU.Build.0 = Release|Any CPU
		{C556CADA-42A7-4338-BF79-9A5511EC1D09}.Debug|Any CPU.ActiveCfg = Debug|Any CPU
		{C556CADA-42A7-4338-BF79-9A5511EC1D09}.Debug|Any CPU.Build.0 = Debug|Any CPU
		{C556CADA-42A7-4338-BF79-9A5511EC1D09}.Release|Any CPU.ActiveCfg = Release|Any CPU
		{C556CADA-42A7-4338-BF79-9A5511EC1D09}.Release|Any CPU.Build.0 = Release|Any CPU
		{73194FF3-BE84-46A9-861D-BDDB7551587F}.Debug|Any CPU.ActiveCfg = Debug|Any CPU
		{73194FF3-BE84-46A9-861D-BDDB7551587F}.Debug|Any CPU.Build.0 = Debug|Any CPU
		{73194FF3-BE84-46A9-861D-BDDB7551587F}.Release|Any CPU.ActiveCfg = Release|Any CPU
		{73194FF3-BE84-46A9-861D-BDDB7551587F}.Release|Any CPU.Build.0 = Release|Any CPU
		{7DBAC48C-358F-44E8-A470-5C723B7B834A}.Debug|Any CPU.ActiveCfg = Debug|Any CPU
		{7DBAC48C-358F-44E8-A470-5C723B7B834A}.Debug|Any CPU.Build.0 = Debug|Any CPU
		{7DBAC48C-358F-44E8-A470-5C723B7B834A}.Release|Any CPU.ActiveCfg = Release|Any CPU
		{7DBAC48C-358F-44E8-A470-5C723B7B834A}.Release|Any CPU.Build.0 = Release|Any CPU
		{FD503C82-136B-4294-9C7C-321A446EC28C}.Debug|Any CPU.ActiveCfg = Debug|Any CPU
		{FD503C82-136B-4294-9C7C-321A446EC28C}.Debug|Any CPU.Build.0 = Debug|Any CPU
		{FD503C82-136B-4294-9C7C-321A446EC28C}.Release|Any CPU.ActiveCfg = Release|Any CPU
		{FD503C82-136B-4294-9C7C-321A446EC28C}.Release|Any CPU.Build.0 = Release|Any CPU
		{C087A9D5-49D1-4FC3-B910-5055CCC74A93}.Debug|Any CPU.ActiveCfg = Debug|Any CPU
		{C087A9D5-49D1-4FC3-B910-5055CCC74A93}.Debug|Any CPU.Build.0 = Debug|Any CPU
		{C087A9D5-49D1-4FC3-B910-5055CCC74A93}.Release|Any CPU.ActiveCfg = Release|Any CPU
		{C087A9D5-49D1-4FC3-B910-5055CCC74A93}.Release|Any CPU.Build.0 = Release|Any CPU
		{A4646D31-0F68-4983-AE2B-A4B5BFF51666}.Debug|Any CPU.ActiveCfg = Debug|Any CPU
		{A4646D31-0F68-4983-AE2B-A4B5BFF51666}.Debug|Any CPU.Build.0 = Debug|Any CPU
		{A4646D31-0F68-4983-AE2B-A4B5BFF51666}.Release|Any CPU.ActiveCfg = Release|Any CPU
		{A4646D31-0F68-4983-AE2B-A4B5BFF51666}.Release|Any CPU.Build.0 = Release|Any CPU
		{ECD572D1-9D79-4885-89E8-C5F06C0D8C62}.Debug|Any CPU.ActiveCfg = Debug|Any CPU
		{ECD572D1-9D79-4885-89E8-C5F06C0D8C62}.Debug|Any CPU.Build.0 = Debug|Any CPU
		{ECD572D1-9D79-4885-89E8-C5F06C0D8C62}.Release|Any CPU.ActiveCfg = Release|Any CPU
		{ECD572D1-9D79-4885-89E8-C5F06C0D8C62}.Release|Any CPU.Build.0 = Release|Any CPU
	EndGlobalSection
	GlobalSection(SolutionProperties) = preSolution
		HideSolutionNode = FALSE
	EndGlobalSection
	GlobalSection(NestedProjects) = preSolution
		{74073E2A-CDF2-4947-922D-BBD4A97E6859} = {1A92A4D0-D0B2-4DCB-9556-3E8D34D76432}
		{E831B8AE-2AAD-4103-A05B-E6D09FD05AC6} = {1A92A4D0-D0B2-4DCB-9556-3E8D34D76432}
		{4E15CBAD-3BD2-4677-B783-2643470E8184} = {1A92A4D0-D0B2-4DCB-9556-3E8D34D76432}
		{CD72BB78-FEB9-432E-96A6-D1ABE8206F54} = {1A92A4D0-D0B2-4DCB-9556-3E8D34D76432}
		{EFC4F726-EEDC-442C-9F2B-D0B703C75923} = {362F538B-AD80-417C-B10D-EAFAFB3FB4AF}
		{362F538B-AD80-417C-B10D-EAFAFB3FB4AF} = {E831B8AE-2AAD-4103-A05B-E6D09FD05AC6}
		{FA5B6C37-424F-45BC-AFE5-E3FAA7EA2083} = {E831B8AE-2AAD-4103-A05B-E6D09FD05AC6}
		{B273D4F5-39B1-4F30-8054-C1A7EBD7C3A5} = {E831B8AE-2AAD-4103-A05B-E6D09FD05AC6}
		{47DB1EEF-86BE-41D5-83D1-2E8C6DCBDF6A} = {E831B8AE-2AAD-4103-A05B-E6D09FD05AC6}
		{8C1D59C0-8CCA-4484-95CF-10C767116CDF} = {47DB1EEF-86BE-41D5-83D1-2E8C6DCBDF6A}
		{67F63F09-AC89-49E8-9B97-9792C97A3683} = {B273D4F5-39B1-4F30-8054-C1A7EBD7C3A5}
		{EFD617CB-D30A-4676-9E63-6A6871F3BE5E} = {FA5B6C37-424F-45BC-AFE5-E3FAA7EA2083}
		{8DB4D7D8-960F-4581-A734-A56F38B633AF} = {1A92A4D0-D0B2-4DCB-9556-3E8D34D76432}
		{C556CADA-42A7-4338-BF79-9A5511EC1D09} = {8DB4D7D8-960F-4581-A734-A56F38B633AF}
		{73194FF3-BE84-46A9-861D-BDDB7551587F} = {8DB4D7D8-960F-4581-A734-A56F38B633AF}
		{7DBAC48C-358F-44E8-A470-5C723B7B834A} = {8DB4D7D8-960F-4581-A734-A56F38B633AF}
		{FD503C82-136B-4294-9C7C-321A446EC28C} = {FA5B6C37-424F-45BC-AFE5-E3FAA7EA2083}
		{A06C89D7-9DD9-40AF-B522-89CA4CA19AA7} = {E831B8AE-2AAD-4103-A05B-E6D09FD05AC6}
		{C087A9D5-49D1-4FC3-B910-5055CCC74A93} = {A06C89D7-9DD9-40AF-B522-89CA4CA19AA7}
		{A4646D31-0F68-4983-AE2B-A4B5BFF51666} = {7B1E3239-FCCB-4235-8CAF-953EC7FE47F3}
		{44113D81-3928-4F86-9C7A-11087A77C8C6} = {E831B8AE-2AAD-4103-A05B-E6D09FD05AC6}
		{ECD572D1-9D79-4885-89E8-C5F06C0D8C62} = {44113D81-3928-4F86-9C7A-11087A77C8C6}
	EndGlobalSection
	GlobalSection(ExtensibilityGlobals) = postSolution
		SolutionGuid = {18318DBB-2C7B-4357-B061-0DCBC80C3759}
	EndGlobalSection
EndGlobal
